
Microsoft Visual Studio Solution File, Format Version 12.00
# Visual Studio Version 17
VisualStudioVersion = 17.3.32929.385
MinimumVisualStudioVersion = 10.0.40219.1
Project("{FAE04EC0-301F-11D3-BF4B-00C04F79EFBC}") = "Pharmacy", "Pharmacy\Pharmacy.csproj", "{C4BCFDD5-C177-442D-8ED4-F190AE2BFAE1}"
EndProject
Global
	GlobalSection(SolutionConfigurationPlatforms) = preSolution
		Debug|Any CPU = Debug|Any CPU
		Release|Any CPU = Release|Any CPU
	EndGlobalSection
	GlobalSection(ProjectConfigurationPlatforms) = postSolution
		{C4BCFDD5-C177-442D-8ED4-F190AE2BFAE1}.Debug|Any CPU.ActiveCfg = Debug|Any CPU
		{C4BCFDD5-C177-442D-8ED4-F190AE2BFAE1}.Debug|Any CPU.Build.0 = Debug|Any CPU
		{C4BCFDD5-C177-442D-8ED4-F190AE2BFAE1}.Release|Any CPU.ActiveCfg = Release|Any CPU
		{C4BCFDD5-C177-442D-8ED4-F190AE2BFAE1}.Release|Any CPU.Build.0 = Release|Any CPU
	EndGlobalSection
	GlobalSection(SolutionProperties) = preSolution
		HideSolutionNode = FALSE
	EndGlobalSection
	GlobalSection(ExtensibilityGlobals) = postSolution
		SolutionGuid = {1BEFE542-67ED-4654-97FF-5D6F06C2EFF9}
	EndGlobalSection
EndGlobal
